
Microsoft Visual Studio Solution File, Format Version 12.00
# Visual Studio 15
VisualStudioVersion = 15.0.28307.757
MinimumVisualStudioVersion = 10.0.40219.1
Project("{FAE04EC0-301F-11D3-BF4B-00C04F79EFBC}") = "Conor", "Conor\Conor.csproj", "{1BE59995-B867-42FB-9BD3-B69AB86073FD}"
EndProject
Global
	GlobalSection(SolutionConfigurationPlatforms) = preSolution
		Debug|Any CPU = Debug|Any CPU
		Release|Any CPU = Release|Any CPU
	EndGlobalSection
	GlobalSection(ProjectConfigurationPlatforms) = postSolution
		{1BE59995-B867-42FB-9BD3-B69AB86073FD}.Debug|Any CPU.ActiveCfg = Debug|Any CPU
		{1BE59995-B867-42FB-9BD3-B69AB86073FD}.Debug|Any CPU.Build.0 = Debug|Any CPU
		{1BE59995-B867-42FB-9BD3-B69AB86073FD}.Release|Any CPU.ActiveCfg = Release|Any CPU
		{1BE59995-B867-42FB-9BD3-B69AB86073FD}.Release|Any CPU.Build.0 = Release|Any CPU
	EndGlobalSection
	GlobalSection(SolutionProperties) = preSolution
		HideSolutionNode = FALSE
	EndGlobalSection
	GlobalSection(ExtensibilityGlobals) = postSolution
		SolutionGuid = {F13F8B2D-F71C-440A-8CE2-4C12C3664520}
	EndGlobalSection
EndGlobal
